
Microsoft Visual Studio Solution File, Format Version 12.00
# Visual Studio Version 16
VisualStudioVersion = 16.0.28407.52
MinimumVisualStudioVersion = 10.0.40219.1
Project("{FAE04EC0-301F-11D3-BF4B-00C04F79EFBC}") = "Vidly20119", "Vidly20119\Vidly20119.csproj", "{667DDFA1-3032-44CC-94B5-655829817153}"
EndProject
Global
	GlobalSection(SolutionConfigurationPlatforms) = preSolution
		Debug|Any CPU = Debug|Any CPU
		Release|Any CPU = Release|Any CPU
	EndGlobalSection
	GlobalSection(ProjectConfigurationPlatforms) = postSolution
		{667DDFA1-3032-44CC-94B5-655829817153}.Debug|Any CPU.ActiveCfg = Debug|Any CPU
		{667DDFA1-3032-44CC-94B5-655829817153}.Debug|Any CPU.Build.0 = Debug|Any CPU
		{667DDFA1-3032-44CC-94B5-655829817153}.Release|Any CPU.ActiveCfg = Release|Any CPU
		{667DDFA1-3032-44CC-94B5-655829817153}.Release|Any CPU.Build.0 = Release|Any CPU
	EndGlobalSection
	GlobalSection(SolutionProperties) = preSolution
		HideSolutionNode = FALSE
	EndGlobalSection
	GlobalSection(ExtensibilityGlobals) = postSolution
		SolutionGuid = {FCEB6E2E-6EBA-4D6D-99C9-7CBE19453624}
	EndGlobalSection
EndGlobal
